
Microsoft Visual Studio Solution File, Format Version 12.00
# Visual Studio Version 17
VisualStudioVersion = 17.9.34723.18
MinimumVisualStudioVersion = 10.0.40219.1
Project("{FAE04EC0-301F-11D3-BF4B-00C04F79EFBC}") = "WebApi", "WebApi.csproj", "{F2B08C3B-5DDE-4E80-815D-DF09DC34143A}"
EndProject
Project("{FAE04EC0-301F-11D3-BF4B-00C04F79EFBC}") = "Persistence", "..\Persistence\Persistence.csproj", "{23478EAE-A7F5-44CC-AFFD-9FD1340872C5}"
EndProject
Project("{FAE04EC0-301F-11D3-BF4B-00C04F79EFBC}") = "Infrastructure", "..\Infrastructure\Infrastructure.csproj", "{6E6D240F-3283-46CA-A79E-3A8583A283A9}"
EndProject
Project("{FAE04EC0-301F-11D3-BF4B-00C04F79EFBC}") = "Domain", "..\Domain\Domain.csproj", "{7D2B3386-9641-4AD6-BACA-35A32E19EE26}"
EndProject
Project("{FAE04EC0-301F-11D3-BF4B-00C04F79EFBC}") = "Application", "..\Application\Application.csproj", "{A1682970-501D-49F0-929C-87DFD62903A4}"
EndProject
Global
	GlobalSection(SolutionConfigurationPlatforms) = preSolution
		Debug|Any CPU = Debug|Any CPU
		Release|Any CPU = Release|Any CPU
	EndGlobalSection
	GlobalSection(ProjectConfigurationPlatforms) = postSolution
		{F2B08C3B-5DDE-4E80-815D-DF09DC34143A}.Debug|Any CPU.ActiveCfg = Debug|Any CPU
		{F2B08C3B-5DDE-4E80-815D-DF09DC34143A}.Debug|Any CPU.Build.0 = Debug|Any CPU
		{F2B08C3B-5DDE-4E80-815D-DF09DC34143A}.Release|Any CPU.ActiveCfg = Release|Any CPU
		{F2B08C3B-5DDE-4E80-815D-DF09DC34143A}.Release|Any CPU.Build.0 = Release|Any CPU
		{23478EAE-A7F5-44CC-AFFD-9FD1340872C5}.Debug|Any CPU.ActiveCfg = Debug|Any CPU
		{23478EAE-A7F5-44CC-AFFD-9FD1340872C5}.Debug|Any CPU.Build.0 = Debug|Any CPU
		{23478EAE-A7F5-44CC-AFFD-9FD1340872C5}.Release|Any CPU.ActiveCfg = Release|Any CPU
		{23478EAE-A7F5-44CC-AFFD-9FD1340872C5}.Release|Any CPU.Build.0 = Release|Any CPU
		{6E6D240F-3283-46CA-A79E-3A8583A283A9}.Debug|Any CPU.ActiveCfg = Debug|Any CPU
		{6E6D240F-3283-46CA-A79E-3A8583A283A9}.Debug|Any CPU.Build.0 = Debug|Any CPU
		{6E6D240F-3283-46CA-A79E-3A8583A283A9}.Release|Any CPU.ActiveCfg = Release|Any CPU
		{6E6D240F-3283-46CA-A79E-3A8583A283A9}.Release|Any CPU.Build.0 = Release|Any CPU
		{7D2B3386-9641-4AD6-BACA-35A32E19EE26}.Debug|Any CPU.ActiveCfg = Debug|Any CPU
		{7D2B3386-9641-4AD6-BACA-35A32E19EE26}.Debug|Any CPU.Build.0 = Debug|Any CPU
		{7D2B3386-9641-4AD6-BACA-35A32E19EE26}.Release|Any CPU.ActiveCfg = Release|Any CPU
		{7D2B3386-9641-4AD6-BACA-35A32E19EE26}.Release|Any CPU.Build.0 = Release|Any CPU
		{A1682970-501D-49F0-929C-87DFD62903A4}.Debug|Any CPU.ActiveCfg = Debug|Any CPU
		{A1682970-501D-49F0-929C-87DFD62903A4}.Debug|Any CPU.Build.0 = Debug|Any CPU
		{A1682970-501D-49F0-929C-87DFD62903A4}.Release|Any CPU.ActiveCfg = Release|Any CPU
		{A1682970-501D-49F0-929C-87DFD62903A4}.Release|Any CPU.Build.0 = Release|Any CPU
	EndGlobalSection
	GlobalSection(SolutionProperties) = preSolution
		HideSolutionNode = FALSE
	EndGlobalSection
	GlobalSection(ExtensibilityGlobals) = postSolution
		SolutionGuid = {4600A879-D37F-44EC-929A-4E9BB2A49BD9}
	EndGlobalSection
EndGlobal
